{
  "lockfile_version": "1",
  "packages": {
    "gh@latest": {
      "last_modified": "2026-08-27T07:16:00Z",
      "resolved": "github:NixOS/nixpkgs/c27cdad491a991b11ed731760aa2ef8db0cb0410#gh",
      "source": "devbox-search",
      "version": "2.98.0",
      "systems": {
        "aarch64-darwin": {
          "outputs": [
            {
              "name": "out",
              "path": "/nix/store/y81ibbw74n6mskwsh54hnvwblkw33yzb-gh-2.98.0",
              "default": true
            }
          ],
          "store_path": "/nix/store/y81ibbw74n6mskwsh54hnvwblkw33yzb-gh-2.98.0"
        },
        "aarch64-linux": {
          "outputs": [
            {
              "name": "out",
              "path": "/nix/store/j5mb4f9a0vbi5r89i00f548z0y5j1kp7-gh-2.98.0",
              "default": true
            }
          ],
          "store_path": "/nix/store/j5mb4f9a0vbi5r89i00f548z0y5j1kp7-gh-2.98.0"
        },
        "x86_64-linux": {
          "outputs": [
            {
              "name": "out",
              "path": "/nix/store/dpiajg8vgzpaq74jc79j01fd5bja3cik-gh-2.98.0",
              "default": true
            }
          ],
          "store_path": "/nix/store/dpiajg8vgzpaq74jc79j01fd5bja3cik-gh-2.98.0"
        }
      }
    },
    "git@latest": {
      "last_modified": "2026-08-27T07:16:00Z",
      "resolved": "github:NixOS/nixpkgs/c27cdad491a991b11ed731760aa2ef8db0cb0410#git",
      "source": "devbox-search",
      "version": "2.55.0",
      "systems": {
        "aarch64-darwin": {
          "outputs": [
            {
              "name": "out",
              "path": "/nix/store/yqw09igi72yxpgy3d1b25vbh5l8rx227-git-2.55.0",
              "default": true
            },
            {
              "name": "doc",
              "path": "/nix/store/i8y217wsan9w8l62m7w2a0rrnmviaqqk-git-2.55.0-doc"
            }
          ],
          "store_path": "/nix/store/yqw09igi72yxpgy3d1b25vbh5l8rx227-git-2.55.0"
        },
        "aarch64-linux": {
          "outputs": [
            {
              "name": "out",
              "path": "/nix/store/clxhwm4v3gl0k3hazm0zpx14gz2w0clz-git-2.55.0",
              "default": true
            },
            {
              "name": "debug",
              "path": "/nix/store/1asxbx6r55sylz2ljdzk6404i0w28iri-git-2.55.0-debug"
            },
            {
              "name": "doc",
              "path": "/nix/store/ryn8xbxi2i1d2dharz9r7kb2ymqfgkyw-git-2.55.0-doc"
            }
          ],
          "store_path": "/nix/store/clxhwm4v3gl0k3hazm0zpx14gz2w0clz-git-2.55.0"
        },
        "x86_64-linux": {
          "outputs": [
            {
              "name": "out",
              "path": "/nix/store/8yjpgadavqdwphcd2kw4dfvxmgdp5sb3-git-2.55.0",
              "default": true
            },
            {
              "name": "debug",
              "path": "/nix/store/xf0wk67lvyxg1bkwi2rf6iszxlvj0yxj-git-2.55.0-debug"
            },
            {
              "name": "doc",
              "path": "/nix/store/yvx5ayi3k6gh8xgk9yxc9gpy0jb7f14l-git-2.55.0-doc"
            }
          ],
          "store_path": "/nix/store/8yjpgadavqdwphcd2kw4dfvxmgdp5sb3-git-2.55.0"
        }
      }
    },
    "github:NixOS/nixpkgs/nixpkgs-unstable": {
      "last_modified": "2026-09-28T13:04:38Z",
      "resolved": "github:NixOS/nixpkgs/f45c6f04c2f013f004bf94e284e95d72898d9393?lastModified=1790600678&narHash=sha256-6k3n7X2UsZ6tAlWTz99RimiZab%2B17tMUrw9sRUcELiA%3D"
    },
    "gnumake@latest": {
      "last_modified": "2026-08-27T07:16:00Z",
      "resolved": "github:NixOS/nixpkgs/c27cdad491a991b11ed731760aa2ef8db0cb0410#gnumake",
      "source": "devbox-search",
      "version": "4.4.1",
      "systems": {
        "aarch64-darwin": {
          "outputs": [
            {
              "name": "out",
              "path": "/nix/store/vw6ljpyd8nnql72sbf8nx6dgvdvgnwml-gnumake-4.4.1",
              "default": true
            },
            {
              "name": "man",
              "path": "/nix/store/z2xa5yy1xhq30sasnbmwi0l8n84zqwpb-gnumake-4.4.1-man",
              "default": true
            },
            {
              "name": "doc",
              "path": "/nix/store/dfbwcmnw5jvmij32y6ir6xrsgay96q85-gnumake-4.4.1-doc"
            },
            {
              "name": "info",
              "path": "/nix/store/1pg3wc0xxajpirhqjrdnvvndirh49bcw-gnumake-4.4.1-info"
            }
          ],
          "store_path": "/nix/store/vw6ljpyd8nnql72sbf8nx6dgvdvgnwml-gnumake-4.4.1"
        },
        "aarch64-linux": {
          "outputs": [
            {
              "name": "out",
              "path": "/nix/store/clk5g7jn42zc3ydwz2xrv50wjvswh2j7-gnumake-4.4.1",
              "default": true
            },
            {
              "name": "man",
              "path": "/nix/store/aqbbbk5k348k0g1nfv15153rvdmml3dh-gnumake-4.4.1-man",
              "default": true
            },
            {
              "name": "debug",
              "path": "/nix/store/6ay3jj11iqkbab7309vssz67r6mr0c0p-gnumake-4.4.1-debug"
            },
            {
              "name": "doc",
              "path": "/nix/store/r1a35igf2l6b6r02qvpiayfsw3nssi2w-gnumake-4.4.1-doc"
            },
            {
              "name": "info",
              "path": "/nix/store/mvl7q4ww27zhlcbgq4fbn68h3ms76isa-gnumake-4.4.1-info"
            }
          ],
          "store_path": "/nix/store/clk5g7jn42zc3ydwz2xrv50wjvswh2j7-gnumake-4.4.1"
        },
        "x86_64-darwin": {
          "outputs": [
            {
              "name": "out",
              "path": "/nix/store/0bg5b97b9hbhz8907bfcrch1i116xppa-gnumake-4.4.1",
              "default": true
            },
            {
              "name": "man",
              "path": "/nix/store/wb4yn3d7vmi1hr4f8pz38rjvcl7f70ma-gnumake-4.4.1-man",
              "default": true
            },
            {
              "name": "doc",
              "path": "/nix/store/3b9cjf16jx4ncpp3b4k6m8q01nxsrw1n-gnumake-4.4.1-doc"
            },
            {
              "name": "info",
              "path": "/nix/store/rriz5p4q8a6sca7sw3p3js1m5dl09ia8-gnumake-4.4.1-info"
            }
          ],
          "store_path": "/nix/store/0bg5b97b9hbhz8907bfcrch1i116xppa-gnumake-4.4.1"
        },
        "x86_64-linux": {
          "outputs": [
            {
              "name": "out",
              "path": "/nix/store/7ydf0dzbsq7w35bxifci2mslm76pw1qf-gnumake-4.4.1",
              "default": true
            },
            {
              "name": "man",
              "path": "/nix/store/hnx4nm22wyl3qs52d66syyldypfyc88q-gnumake-4.4.1-man",
              "default": true
            },
            {
              "name": "debug",
              "path": "/nix/store/hplrxi8g1pxnr6s17s369vwcy3382q33-gnumake-4.4.1-debug"
            },
            {
              "name": "doc",
              "path": "/nix/store/ajv6150dm72i5w9y0p23mgnghdp5h9m5-gnumake-4.4.1-doc"
            },
            {
              "name": "info",
              "path": "/nix/store/59p81ss2y7c2gc1khjr26z4ygzrmmymz-gnumake-4.4.1-info"
            }
          ],
          "store_path": "/nix/store/7ydf0dzbsq7w35bxifci2mslm76pw1qf-gnumake-4.4.1"
        }
      }
    },
    "go@latest": {
      "last_modified": "2026-08-27T07:16:00Z",
      "resolved": "github:NixOS/nixpkgs/c27cdad491a991b11ed731760aa2ef8db0cb0410#go_1_27",
      "source": "devbox-search",
      "version": "1.27.0",
      "systems": {
        "aarch64-darwin": {
          "outputs": [
            {
              "name": "out",
              "path": "/nix/store/lz3qw52rpazqga73xgsqlj4qz1lgs4hg-go-1.27.0",
              "default": true
            }
          ],
          "store_path": "/nix/store/lz3qw52rpazqga73xgsqlj4qz1lgs4hg-go-1.27.0"
        },
        "aarch64-linux": {
          "outputs": [
            {
              "name": "out",
              "path": "/nix/store/zqjvg5805xkf6zsd8nrdvgbv58yw2phr-go-1.27.0",
              "default": true
            }
          ],
          "store_path": "/nix/store/zqjvg5805xkf6zsd8nrdvgbv58yw2phr-go-1.27.0"
        },
        "x86_64-linux": {
          "outputs": [
            {
              "name": "out",
              "path": "/nix/store/fibbp1k5gcpaxcin4dzk70yd056rfjhg-go-1.27.0",
              "default": true
            }
          ],
          "store_path": "/nix/store/fibbp1k5gcpaxcin4dzk70yd056rfjhg-go-1.27.0"
        }
      }
    }
  }
}
